// !$*UTF8*$!
{
	archiveVersion = 1;
	classes = {
	};
	objectVersion = 77;
	objects = {

/* Begin PBXBuildFile section */
		08C881EDC3D81F9C77FC1F0B /* Pods_status.framework in Frameworks */ = {isa = PBXBuildFile; fileRef = C51B763FECF6B1895DE09CED /* Pods_status.framework */; };
		9767CD947964AFE7EEB294C9 /* Pods_statusTests.framework in Frameworks */ = {isa = PBXBuildFile; fileRef = DBB52A76B8289654890F527B /* Pods_statusTests.framework */; };
		9895E9B919BE51295610BCD9 /* Pods_status_statusUITests.framework in Frameworks */ = {isa = PBXBuildFile; fileRef = 7CE700611468A204B1571409 /* Pods_status_statusUITests.framework */; };
/* End PBXBuildFile section */

/* Begin PBXContainerItemProxy section */
		45361F822D155DBB000D88B4 /* PBXContainerItemProxy */ = {
			isa = PBXContainerItemProxy;
			containerPortal = 45361F692D155DBA000D88B4 /* Project object */;
			proxyType = 1;
			remoteGlobalIDString = 45361F702D155DBA000D88B4;
			remoteInfo = status;
		};
		45361F8C2D155DBB000D88B4 /* PBXContainerItemProxy */ = {
			isa = PBXContainerItemProxy;
			containerPortal = 45361F692D155DBA000D88B4 /* Project object */;
			proxyType = 1;
			remoteGlobalIDString = 45361F702D155DBA000D88B4;
			remoteInfo = status;
		};
/* End PBXContainerItemProxy section */

/* Begin PBXFileReference section */
		42E824A821804E0778971A06 /* Pods-status.release.xcconfig */ = {isa = PBXFileReference; includeInIndex = 1; lastKnownFileType = text.xcconfig; name = "Pods-status.release.xcconfig"; path = "Target Support Files/Pods-status/Pods-status.release.xcconfig"; sourceTree = "<group>"; };
		45361F712D155DBA000D88B4 /* status.app */ = {isa = PBXFileReference; explicitFileType = wrapper.application; includeInIndex = 0; path = status.app; sourceTree = BUILT_PRODUCTS_DIR; };
		45361F812D155DBB000D88B4 /* statusTests.xctest */ = {isa = PBXFileReference; explicitFileType = wrapper.cfbundle; includeInIndex = 0; path = statusTests.xctest; sourceTree = BUILT_PRODUCTS_DIR; };
		45361F8B2D155DBB000D88B4 /* statusUITests.xctest */ = {isa = PBXFileReference; explicitFileType = wrapper.cfbundle; includeInIndex = 0; path = statusUITests.xctest; sourceTree = BUILT_PRODUCTS_DIR; };
		5C7A1646FFB9A7DF282427C1 /* Pods-statusTests.debug.xcconfig */ = {isa = PBXFileReference; includeInIndex = 1; lastKnownFileType = text.xcconfig; name = "Pods-statusTests.debug.xcconfig"; path = "Target Support Files/Pods-statusTests/Pods-statusTests.debug.xcconfig"; sourceTree = "<group>"; };
		7CE700611468A204B1571409 /* Pods_status_statusUITests.framework */ = {isa = PBXFileReference; explicitFileType = wrapper.framework; includeInIndex = 0; path = Pods_status_statusUITests.framework; sourceTree = BUILT_PRODUCTS_DIR; };
		880C25E1929675801B3810A4 /* Pods-status.debug.xcconfig */ = {isa = PBXFileReference; includeInIndex = 1; lastKnownFileType = text.xcconfig; name = "Pods-status.debug.xcconfig"; path = "Target Support Files/Pods-status/Pods-status.debug.xcconfig"; sourceTree = "<group>"; };
		A6D5989E30919CA7ABB9E093 /* Pods-statusTests.release.xcconfig */ = {isa = PBXFileReference; includeInIndex = 1; lastKnownFileType = text.xcconfig; name = "Pods-statusTests.release.xcconfig"; path = "Target Support Files/Pods-statusTests/Pods-statusTests.release.xcconfig"; sourceTree = "<group>"; };
		C51B763FECF6B1895DE09CED /* Pods_status.framework */ = {isa = PBXFileReference; explicitFileType = wrapper.framework; includeInIndex = 0; path = Pods_status.framework; sourceTree = BUILT_PRODUCTS_DIR; };
		DBB52A76B8289654890F527B /* Pods_statusTests.framework */ = {isa = PBXFileReference; explicitFileType = wrapper.framework; includeInIndex = 0; path = Pods_statusTests.framework; sourceTree = BUILT_PRODUCTS_DIR; };
		E1250B301BBE52781DE6725A /* Pods-status-statusUITests.debug.xcconfig */ = {isa = PBXFileReference; includeInIndex = 1; lastKnownFileType = text.xcconfig; name = "Pods-status-statusUITests.debug.xcconfig"; path = "Target Support Files/Pods-status-statusUITests/Pods-status-statusUITests.debug.xcconfig"; sourceTree = "<group>"; };
		EAE126714BE091C7F6655E2A /* Pods-status-statusUITests.release.xcconfig */ = {isa = PBXFileReference; includeInIndex = 1; lastKnownFileType = text.xcconfig; name = "Pods-status-statusUITests.release.xcconfig"; path = "Target Support Files/Pods-status-statusUITests/Pods-status-statusUITests.release.xcconfig"; sourceTree = "<group>"; };
/* End PBXFileReference section */

/* Begin PBXFileSystemSynchronizedRootGroup section */
		45361F732D155DBA000D88B4 /* status */ = {
			isa = PBXFileSystemSynchronizedRootGroup;
			path = status;
			sourceTree = "<group>";
		};
		45361F842D155DBB000D88B4 /* statusTests */ = {
			isa = PBXFileSystemSynchronizedRootGroup;
			path = statusTests;
			sourceTree = "<group>";
		};
		45361F8E2D155DBB000D88B4 /* statusUITests */ = {
			isa = PBXFileSystemSynchronizedRootGroup;
			path = statusUITests;
			sourceTree = "<group>";
		};
/* End PBXFileSystemSynchronizedRootGroup section */

/* Begin PBXFrameworksBuildPhase section */
		45361F6E2D155DBA000D88B4 /* Frameworks */ = {
			isa = PBXFrameworksBuildPhase;
			buildActionMask = 2147483647;
			files = (
				08C881EDC3D81F9C77FC1F0B /* Pods_status.framework in Frameworks */,
			);
			runOnlyForDeploymentPostprocessing = 0;
		};
		45361F7E2D155DBB000D88B4 /* Frameworks */ = {
			isa = PBXFrameworksBuildPhase;
			buildActionMask = 2147483647;
			files = (
				9767CD947964AFE7EEB294C9 /* Pods_statusTests.framework in Frameworks */,
			);
			runOnlyForDeploymentPostprocessing = 0;
		};
		45361F882D155DBB000D88B4 /* Frameworks */ = {
			isa = PBXFrameworksBuildPhase;
			buildActionMask = 2147483647;
			files = (
				9895E9B919BE51295610BCD9 /* Pods_status_statusUITests.framework in Frameworks */,
			);
			runOnlyForDeploymentPostprocessing = 0;
		};
/* End PBXFrameworksBuildPhase section */

/* Begin PBXGroup section */
		07CAE08830327E1D4931C079 /* Frameworks */ = {
			isa = PBXGroup;
			children = (
				C51B763FECF6B1895DE09CED /* Pods_status.framework */,
				7CE700611468A204B1571409 /* Pods_status_statusUITests.framework */,
				DBB52A76B8289654890F527B /* Pods_statusTests.framework */,
			);
			name = Frameworks;
			sourceTree = "<group>";
		};
		45361F682D155DBA000D88B4 = {
			isa = PBXGroup;
			children = (
				45361F732D155DBA000D88B4 /* status */,
				45361F842D155DBB000D88B4 /* statusTests */,
				45361F8E2D155DBB000D88B4 /* statusUITests */,
				45361F722D155DBA000D88B4 /* Products */,
				DB50B5DF98FF3F8C3B08E924 /* Pods */,
				07CAE08830327E1D4931C079 /* Frameworks */,
			);
			sourceTree = "<group>";
		};
		45361F722D155DBA000D88B4 /* Products */ = {
			isa = PBXGroup;
			children = (
				45361F712D155DBA000D88B4 /* status.app */,
				45361F812D155DBB000D88B4 /* statusTests.xctest */,
				45361F8B2D155DBB000D88B4 /* statusUITests.xctest */,
			);
			name = Products;
			sourceTree = "<group>";
		};
		DB50B5DF98FF3F8C3B08E924 /* Pods */ = {
			isa = PBXGroup;
			children = (
				880C25E1929675801B3810A4 /* Pods-status.debug.xcconfig */,
				42E824A821804E0778971A06 /* Pods-status.release.xcconfig */,
				E1250B301BBE52781DE6725A /* Pods-status-statusUITests.debug.xcconfig */,
				EAE126714BE091C7F6655E2A /* Pods-status-statusUITests.release.xcconfig */,
				5C7A1646FFB9A7DF282427C1 /* Pods-statusTests.debug.xcconfig */,
				A6D5989E30919CA7ABB9E093 /* Pods-statusTests.release.xcconfig */,
			);
			path = Pods;
			sourceTree = "<group>";
		};
/* End PBXGroup section */

/* Begin PBXNativeTarget section */
		45361F702D155DBA000D88B4 /* status */ = {
			isa = PBXNativeTarget;
			buildConfigurationList = 45361F952D155DBB000D88B4 /* Build configuration list for PBXNativeTarget "status" */;
			buildPhases = (
				FCCE4D22AF564F21E5D5F344 /* [CP] Check Pods Manifest.lock */,
				45361F6D2D155DBA000D88B4 /* Sources */,
				45361F6E2D155DBA000D88B4 /* Frameworks */,
				45361F6F2D155DBA000D88B4 /* Resources */,
				5EF72C61CD6AA8B4AF6B3455 /* [CP] Embed Pods Frameworks */,
			);
			buildRules = (
			);
			dependencies = (
			);
			fileSystemSynchronizedGroups = (
				45361F732D155DBA000D88B4 /* status */,
			);
			name = status;
			productName = status;
			productReference = 45361F712D155DBA000D88B4 /* status.app */;
			productType = "com.apple.product-type.application";
		};
		45361F802D155DBB000D88B4 /* statusTests */ = {
			isa = PBXNativeTarget;
			buildConfigurationList = 45361F982D155DBB000D88B4 /* Build configuration list for PBXNativeTarget "statusTests" */;
			buildPhases = (
				9DBCE4A11FEDC52C4D966D43 /* [CP] Check Pods Manifest.lock */,
				45361F7D2D155DBB000D88B4 /* Sources */,
				45361F7E2D155DBB000D88B4 /* Frameworks */,
				45361F7F2D155DBB000D88B4 /* Resources */,
			);
			buildRules = (
			);
			dependencies = (
				45361F832D155DBB000D88B4 /* PBXTargetDependency */,
			);
			fileSystemSynchronizedGroups = (
				45361F842D155DBB000D88B4 /* statusTests */,
			);
			name = statusTests;
			productName = statusTests;
			productReference = 45361F812D155DBB000D88B4 /* statusTests.xctest */;
			productType = "com.apple.product-type.bundle.unit-test";
		};
		45361F8A2D155DBB000D88B4 /* statusUITests */ = {
			isa = PBXNativeTarget;
			buildConfigurationList = 45361F9B2D155DBB000D88B4 /* Build configuration list for PBXNativeTarget "statusUITests" */;
			buildPhases = (
				248F6A4CD1221FFCEC58C1E1 /* [CP] Check Pods Manifest.lock */,
				45361F872D155DBB000D88B4 /* Sources */,
				45361F882D155DBB000D88B4 /* Frameworks */,
				45361F892D155DBB000D88B4 /* Resources */,
				3E3624BD62838C152403944E /* [CP] Embed Pods Frameworks */,
			);
			buildRules = (
			);
			dependencies = (
				45361F8D2D155DBB000D88B4 /* PBXTargetDependency */,
			);
			fileSystemSynchronizedGroups = (
				45361F8E2D155DBB000D88B4 /* statusUITests */,
			);
			name = statusUITests;
			productName = statusUITests;
			productReference = 45361F8B2D155DBB000D88B4 /* statusUITests.xctest */;
			productType = "com.apple.product-type.bundle.ui-testing";
		};
/* End PBXNativeTarget section */

/* Begin PBXProject section */
		45361F692D155DBA000D88B4 /* Project object */ = {
			isa = PBXProject;
			attributes = {
				BuildIndependentTargetsInParallel = 1;
				LastSwiftUpdateCheck = 1620;
				LastUpgradeCheck = 1620;
				TargetAttributes = {
					45361F702D155DBA000D88B4 = {
						CreatedOnToolsVersion = 16.2;
					};
					45361F802D155DBB000D88B4 = {
						CreatedOnToolsVersion = 16.2;
						TestTargetID = 45361F702D155DBA000D88B4;
					};
					45361F8A2D155DBB000D88B4 = {
						CreatedOnToolsVersion = 16.2;
						TestTargetID = 45361F702D155DBA000D88B4;
					};
				};
			};
			buildConfigurationList = 45361F6C2D155DBA000D88B4 /* Build configuration list for PBXProject "status" */;
			developmentRegion = en;
			hasScannedForEncodings = 0;
			knownRegions = (
				en,
				Base,
			);
			mainGroup = 45361F682D155DBA000D88B4;
			minimizedProjectReferenceProxies = 1;
			preferredProjectObjectVersion = 77;
			productRefGroup = 45361F722D155DBA000D88B4 /* Products */;
			projectDirPath = "";
			projectRoot = "";
			targets = (
				45361F702D155DBA000D88B4 /* status */,
				45361F802D155DBB000D88B4 /* statusTests */,
				45361F8A2D155DBB000D88B4 /* statusUITests */,
			);
		};
/* End PBXProject section */

/* Begin PBXResourcesBuildPhase section */
		45361F6F2D155DBA000D88B4 /* Resources */ = {
			isa = PBXResourcesBuildPhase;
			buildActionMask = 2147483647;
			files = (
			);
			runOnlyForDeploymentPostprocessing = 0;
		};
		45361F7F2D155DBB000D88B4 /* Resources */ = {
			isa = PBXResourcesBuildPhase;
			buildActionMask = 2147483647;
			files = (
			);
			runOnlyForDeploymentPostprocessing = 0;
		};
		45361F892D155DBB000D88B4 /* Resources */ = {
			isa = PBXResourcesBuildPhase;
			buildActionMask = 2147483647;
			files = (
			);
			runOnlyForDeploymentPostprocessing = 0;
		};
/* End PBXResourcesBuildPhase section */

/* Begin PBXShellScriptBuildPhase section */
		248F6A4CD1221FFCEC58C1E1 /* [CP] Check Pods Manifest.lock */ = {
			isa = PBXShellScriptBuildPhase;
			buildActionMask = 2147483647;
			files = (
			);
			inputFileListPaths = (
			);
			inputPaths = (
				"${PODS_PODFILE_DIR_PATH}/Podfile.lock",
				"${PODS_ROOT}/Manifest.lock",
			);
			name = "[CP] Check Pods Manifest.lock";
			outputFileListPaths = (
			);
			outputPaths = (
				"$(DERIVED_FILE_DIR)/Pods-status-statusUITests-checkManifestLockResult.txt",
			);
			runOnlyForDeploymentPostprocessing = 0;
			shellPath = /bin/sh;
			shellScript = "diff \"${PODS_PODFILE_DIR_PATH}/Podfile.lock\" \"${PODS_ROOT}/Manifest.lock\" > /dev/null\nif [ $? != 0 ] ; then\n    # print error to STDERR\n    echo \"error: The sandbox is not in sync with the Podfile.lock. Run 'pod install' or update your CocoaPods installation.\" >&2\n    exit 1\nfi\n# This output is used by Xcode 'outputs' to avoid re-running this script phase.\necho \"SUCCESS\" > \"${SCRIPT_OUTPUT_FILE_0}\"\n";
			showEnvVarsInLog = 0;
		};
		3E3624BD62838C152403944E /* [CP] Embed Pods Frameworks */ = {
			isa = PBXShellScriptBuildPhase;
			buildActionMask = 2147483647;
			files = (
			);
			inputFileListPaths = (
				"${PODS_ROOT}/Target Support Files/Pods-status-statusUITests/Pods-status-statusUITests-frameworks-${CONFIGURATION}-input-files.xcfilelist",
			);
			name = "[CP] Embed Pods Frameworks";
			outputFileListPaths = (
				"${PODS_ROOT}/Target Support Files/Pods-status-statusUITests/Pods-status-statusUITests-frameworks-${CONFIGURATION}-output-files.xcfilelist",
			);
			runOnlyForDeploymentPostprocessing = 0;
			shellPath = /bin/sh;
			shellScript = "\"${PODS_ROOT}/Target Support Files/Pods-status-statusUITests/Pods-status-statusUITests-frameworks.sh\"\n";
			showEnvVarsInLog = 0;
		};
		5EF72C61CD6AA8B4AF6B3455 /* [CP] Embed Pods Frameworks */ = {
			isa = PBXShellScriptBuildPhase;
			buildActionMask = 2147483647;
			files = (
			);
			inputFileListPaths = (
				"${PODS_ROOT}/Target Support Files/Pods-status/Pods-status-frameworks-${CONFIGURATION}-input-files.xcfilelist",
			);
			name = "[CP] Embed Pods Frameworks";
			outputFileListPaths = (
				"${PODS_ROOT}/Target Support Files/Pods-status/Pods-status-frameworks-${CONFIGURATION}-output-files.xcfilelist",
			);
			runOnlyForDeploymentPostprocessing = 0;
			shellPath = /bin/sh;
			shellScript = "\"${PODS_ROOT}/Target Support Files/Pods-status/Pods-status-frameworks.sh\"\n";
			showEnvVarsInLog = 0;
		};
		9DBCE4A11FEDC52C4D966D43 /* [CP] Check Pods Manifest.lock */ = {
			isa = PBXShellScriptBuildPhase;
			buildActionMask = 2147483647;
			files = (
			);
			inputFileListPaths = (
			);
			inputPaths = (
				"${PODS_PODFILE_DIR_PATH}/Podfile.lock",
				"${PODS_ROOT}/Manifest.lock",
			);
			name = "[CP] Check Pods Manifest.lock";
			outputFileListPaths = (
			);
			outputPaths = (
				"$(DERIVED_FILE_DIR)/Pods-statusTests-checkManifestLockResult.txt",
			);
			runOnlyForDeploymentPostprocessing = 0;
			shellPath = /bin/sh;
			shellScript = "diff \"${PODS_PODFILE_DIR_PATH}/Podfile.lock\" \"${PODS_ROOT}/Manifest.lock\" > /dev/null\nif [ $? != 0 ] ; then\n    # print error to STDERR\n    echo \"error: The sandbox is not in sync with the Podfile.lock. Run 'pod install' or update your CocoaPods installation.\" >&2\n    exit 1\nfi\n# This output is used by Xcode 'outputs' to avoid re-running this script phase.\necho \"SUCCESS\" > \"${SCRIPT_OUTPUT_FILE_0}\"\n";
			showEnvVarsInLog = 0;
		};
		FCCE4D22AF564F21E5D5F344 /* [CP] Check Pods Manifest.lock */ = {
			isa = PBXShellScriptBuildPhase;
			buildActionMask = 2147483647;
			files = (
			);
			inputFileListPaths = (
			);
			inputPaths = (
				"${PODS_PODFILE_DIR_PATH}/Podfile.lock",
				"${PODS_ROOT}/Manifest.lock",
			);
			name = "[CP] Check Pods Manifest.lock";
			outputFileListPaths = (
			);
			outputPaths = (
				"$(DERIVED_FILE_DIR)/Pods-status-checkManifestLockResult.txt",
			);
			runOnlyForDeploymentPostprocessing = 0;
			shellPath = /bin/sh;
			shellScript = "diff \"${PODS_PODFILE_DIR_PATH}/Podfile.lock\" \"${PODS_ROOT}/Manifest.lock\" > /dev/null\nif [ $? != 0 ] ; then\n    # print error to STDERR\n    echo \"error: The sandbox is not in sync with the Podfile.lock. Run 'pod install' or update your CocoaPods installation.\" >&2\n    exit 1\nfi\n# This output is used by Xcode 'outputs' to avoid re-running this script phase.\necho \"SUCCESS\" > \"${SCRIPT_OUTPUT_FILE_0}\"\n";
			showEnvVarsInLog = 0;
		};
/* End PBXShellScriptBuildPhase section */

/* Begin PBXSourcesBuildPhase section */
		45361F6D2D155DBA000D88B4 /* Sources */ = {
			isa = PBXSourcesBuildPhase;
			buildActionMask = 2147483647;
			files = (
			);
			runOnlyForDeploymentPostprocessing = 0;
		};
		45361F7D2D155DBB000D88B4 /* Sources */ = {
			isa = PBXSourcesBuildPhase;
			buildActionMask = 2147483647;
			files = (
			);
			runOnlyForDeploymentPostprocessing = 0;
		};
		45361F872D155DBB000D88B4 /* Sources */ = {
			isa = PBXSourcesBuildPhase;
			buildActionMask = 2147483647;
			files = (
			);
			runOnlyForDeploymentPostprocessing = 0;
		};
/* End PBXSourcesBuildPhase section */

/* Begin PBXTargetDependency section */
		45361F832D155DBB000D88B4 /* PBXTargetDependency */ = {
			isa = PBXTargetDependency;
			target = 45361F702D155DBA000D88B4 /* status */;
			targetProxy = 45361F822D155DBB000D88B4 /* PBXContainerItemProxy */;
		};
		45361F8D2D155DBB000D88B4 /* PBXTargetDependency */ = {
			isa = PBXTargetDependency;
			target = 45361F702D155DBA000D88B4 /* status */;
			targetProxy = 45361F8C2D155DBB000D88B4 /* PBXContainerItemProxy */;
		};
/* End PBXTargetDependency section */

/* Begin XCBuildConfiguration section */
		45361F932D155DBB000D88B4 /* Debug */ = {
			isa = XCBuildConfiguration;
			buildSettings = {
				ALWAYS_SEARCH_USER_PATHS = NO;
				ASSETCATALOG_COMPILER_GENERATE_SWIFT_ASSET_SYMBOL_EXTENSIONS = YES;
				CLANG_ANALYZER_NONNULL = YES;
				CLANG_ANALYZER_NUMBER_OBJECT_CONVERSION = YES_AGGRESSIVE;
				CLANG_CXX_LANGUAGE_STANDARD = "gnu++20";
				CLANG_ENABLE_MODULES = YES;
				CLANG_ENABLE_OBJC_ARC = YES;
				CLANG_ENABLE_OBJC_WEAK = YES;
				CLANG_WARN_BLOCK_CAPTURE_AUTORELEASING = YES;
				CLANG_WARN_BOOL_CONVERSION = YES;
				CLANG_WARN_COMMA = YES;
				CLANG_WARN_CONSTANT_CONVERSION = YES;
				CLANG_WARN_DEPRECATED_OBJC_IMPLEMENTATIONS = YES;
				CLANG_WARN_DIRECT_OBJC_ISA_USAGE = YES_ERROR;
				CLANG_WARN_DOCUMENTATION_COMMENTS = YES;
				CLANG_WARN_EMPTY_BODY = YES;
				CLANG_WARN_ENUM_CONVERSION = YES;
				CLANG_WARN_INFINITE_RECURSION = YES;
				CLANG_WARN_INT_CONVERSION = YES;
				CLANG_WARN_NON_LITERAL_NULL_CONVERSION = YES;
				CLANG_WARN_OBJC_IMPLICIT_RETAIN_SELF = YES;
				CLANG_WARN_OBJC_LITERAL_CONVERSION = YES;
				CLANG_WARN_OBJC_ROOT_CLASS = YES_ERROR;
				CLANG_WARN_QUOTED_INCLUDE_IN_FRAMEWORK_HEADER = YES;
				CLANG_WARN_RANGE_LOOP_ANALYSIS = YES;
				CLANG_WARN_STRICT_PROTOTYPES = YES;
				CLANG_WARN_SUSPICIOUS_MOVE = YES;
				CLANG_WARN_UNGUARDED_AVAILABILITY = YES_AGGRESSIVE;
				CLANG_WARN_UNREACHABLE_CODE = YES;
				CLANG_WARN__DUPLICATE_METHOD_MATCH = YES;
				COPY_PHASE_STRIP = NO;
				DEBUG_INFORMATION_FORMAT = dwarf;
				ENABLE_STRICT_OBJC_MSGSEND = YES;
				ENABLE_TESTABILITY = YES;
				ENABLE_USER_SCRIPT_SANDBOXING = NO;
				GCC_C_LANGUAGE_STANDARD = gnu17;
				GCC_DYNAMIC_NO_PIC = NO;
				GCC_NO_COMMON_BLOCKS = YES;
				GCC_OPTIMIZATION_LEVEL = 0;
				GCC_PREPROCESSOR_DEFINITIONS = (
					"DEBUG=1",
					"$(inherited)",
				);
				GCC_WARN_64_TO_32_BIT_CONVERSION = YES;
				GCC_WARN_ABOUT_RETURN_TYPE = YES_ERROR;
				GCC_WARN_UNDECLARED_SELECTOR = YES;
				GCC_WARN_UNINITIALIZED_AUTOS = YES_AGGRESSIVE;
				GCC_WARN_UNUSED_FUNCTION = YES;
				GCC_WARN_UNUSED_VARIABLE = YES;
				IPHONEOS_DEPLOYMENT_TARGET = 18.0;
				LOCALIZATION_PREFERS_STRING_CATALOGS = YES;
				MTL_ENABLE_DEBUG_INFO = INCLUDE_SOURCE;
				MTL_FAST_MATH = YES;
				ONLY_ACTIVE_ARCH = YES;
				SDKROOT = iphoneos;
				SWIFT_ACTIVE_COMPILATION_CONDITIONS = "DEBUG $(inherited)";
				SWIFT_OPTIMIZATION_LEVEL = "-Onone";
			};
			name = Debug;
		};
		45361F942D155DBB000D88B4 /* Release */ = {
			isa = XCBuildConfiguration;
			buildSettings = {
				ALWAYS_SEARCH_USER_PATHS = NO;
				ASSETCATALOG_COMPILER_GENERATE_SWIFT_ASSET_SYMBOL_EXTENSIONS = YES;
				CLANG_ANALYZER_NONNULL = YES;
				CLANG_ANALYZER_NUMBER_OBJECT_CONVERSION = YES_AGGRESSIVE;
				CLANG_CXX_LANGUAGE_STANDARD = "gnu++20";
				CLANG_ENABLE_MODULES = YES;
				CLANG_ENABLE_OBJC_ARC = YES;
				CLANG_ENABLE_OBJC_WEAK = YES;
				CLANG_WARN_BLOCK_CAPTURE_AUTORELEASING = YES;
				CLANG_WARN_BOOL_CONVERSION = YES;
				CLANG_WARN_COMMA = YES;
				CLANG_WARN_CONSTANT_CONVERSION = YES;
				CLANG_WARN_DEPRECATED_OBJC_IMPLEMENTATIONS = YES;
				CLANG_WARN_DIRECT_OBJC_ISA_USAGE = YES_ERROR;
				CLANG_WARN_DOCUMENTATION_COMMENTS = YES;
				CLANG_WARN_EMPTY_BODY = YES;
				CLANG_WARN_ENUM_CONVERSION = YES;
				CLANG_WARN_INFINITE_RECURSION = YES;
				CLANG_WARN_INT_CONVERSION = YES;
				CLANG_WARN_NON_LITERAL_NULL_CONVERSION = YES;
				CLANG_WARN_OBJC_IMPLICIT_RETAIN_SELF = YES;
				CLANG_WARN_OBJC_LITERAL_CONVERSION = YES;
				CLANG_WARN_OBJC_ROOT_CLASS = YES_ERROR;
				CLANG_WARN_QUOTED_INCLUDE_IN_FRAMEWORK_HEADER = YES;
				CLANG_WARN_RANGE_LOOP_ANALYSIS = YES;
				CLANG_WARN_STRICT_PROTOTYPES = YES;
				CLANG_WARN_SUSPICIOUS_MOVE = YES;
				CLANG_WARN_UNGUARDED_AVAILABILITY = YES_AGGRESSIVE;
				CLANG_WARN_UNREACHABLE_CODE = YES;
				CLANG_WARN__DUPLICATE_METHOD_MATCH = YES;
				COPY_PHASE_STRIP = NO;
				DEBUG_INFORMATION_FORMAT = "dwarf-with-dsym";
				ENABLE_NS_ASSERTIONS = NO;
				ENABLE_STRICT_OBJC_MSGSEND = YES;
				ENABLE_USER_SCRIPT_SANDBOXING = NO;
				GCC_C_LANGUAGE_STANDARD = gnu17;
				GCC_NO_COMMON_BLOCKS = YES;
				GCC_WARN_64_TO_32_BIT_CONVERSION = YES;
				GCC_WARN_ABOUT_RETURN_TYPE = YES_ERROR;
				GCC_WARN_UNDECLARED_SELECTOR = YES;
				GCC_WARN_UNINITIALIZED_AUTOS = YES_AGGRESSIVE;
				GCC_WARN_UNUSED_FUNCTION = YES;
				GCC_WARN_UNUSED_VARIABLE = YES;
				IPHONEOS_DEPLOYMENT_TARGET = 18.0;
				LOCALIZATION_PREFERS_STRING_CATALOGS = YES;
				MTL_ENABLE_DEBUG_INFO = NO;
				MTL_FAST_MATH = YES;
				SDKROOT = iphoneos;
				SWIFT_COMPILATION_MODE = wholemodule;
				VALIDATE_PRODUCT = YES;
			};
			name = Release;
		};
		45361F962D155DBB000D88B4 /* Debug */ = {
			isa = XCBuildConfiguration;
			baseConfigurationReference = 880C25E1929675801B3810A4 /* Pods-status.debug.xcconfig */;
			buildSettings = {
				ASSETCATALOG_COMPILER_APPICON_NAME = AppIcon;
				ASSETCATALOG_COMPILER_GLOBAL_ACCENT_COLOR_NAME = AccentColor;
				CODE_SIGN_STYLE = Automatic;
				CURRENT_PROJECT_VERSION = 1;
				DEVELOPMENT_ASSET_PATHS = "\"status/Preview Content\"";
				DEVELOPMENT_TEAM = 4KXQ2N54DS;
				ENABLE_PREVIEWS = YES;
				GENERATE_INFOPLIST_FILE = YES;
				INFOPLIST_KEY_UIApplicationSceneManifest_Generation = YES;
				INFOPLIST_KEY_UIApplicationSupportsIndirectInputEvents = YES;
				INFOPLIST_KEY_UILaunchScreen_Generation = YES;
				INFOPLIST_KEY_UISupportedInterfaceOrientations_iPad = "UIInterfaceOrientationPortrait UIInterfaceOrientationPortraitUpsideDown UIInterfaceOrientationLandscapeLeft UIInterfaceOrientationLandscapeRight";
				INFOPLIST_KEY_UISupportedInterfaceOrientations_iPhone = "UIInterfaceOrientationPortrait UIInterfaceOrientationLandscapeLeft UIInterfaceOrientationLandscapeRight";
				LD_RUNPATH_SEARCH_PATHS = (
					"$(inherited)",
					"@executable_path/Frameworks",
				);
				MARKETING_VERSION = 1.0;
				PRODUCT_BUNDLE_IDENTIFIER = com.greenorange.status;
				PRODUCT_NAME = "$(TARGET_NAME)";
				SWIFT_EMIT_LOC_STRINGS = YES;
				SWIFT_VERSION = 5.0;
				TARGETED_DEVICE_FAMILY = "1,2";
			};
			name = Debug;
		};
		45361F972D155DBB000D88B4 /* Release */ = {
			isa = XCBuildConfiguration;
			baseConfigurationReference = 42E824A821804E0778971A06 /* Pods-status.release.xcconfig */;
			buildSettings = {
				ASSETCATALOG_COMPILER_APPICON_NAME = AppIcon;
				ASSETCATALOG_COMPILER_GLOBAL_ACCENT_COLOR_NAME = AccentColor;
				CODE_SIGN_STYLE = Automatic;
				CURRENT_PROJECT_VERSION = 1;
				DEVELOPMENT_ASSET_PATHS = "\"status/Preview Content\"";
				DEVELOPMENT_TEAM = 4KXQ2N54DS;
				ENABLE_PREVIEWS = YES;
				GENERATE_INFOPLIST_FILE = YES;
				INFOPLIST_KEY_UIApplicationSceneManifest_Generation = YES;
				INFOPLIST_KEY_UIApplicationSupportsIndirectInputEvents = YES;
				INFOPLIST_KEY_UILaunchScreen_Generation = YES;
				INFOPLIST_KEY_UISupportedInterfaceOrientations_iPad = "UIInterfaceOrientationPortrait UIInterfaceOrientationPortraitUpsideDown UIInterfaceOrientationLandscapeLeft UIInterfaceOrientationLandscapeRight";
				INFOPLIST_KEY_UISupportedInterfaceOrientations_iPhone = "UIInterfaceOrientationPortrait UIInterfaceOrientationLandscapeLeft UIInterfaceOrientationLandscapeRight";
				LD_RUNPATH_SEARCH_PATHS = (
					"$(inherited)",
					"@executable_path/Frameworks",
				);
				MARKETING_VERSION = 1.0;
				PRODUCT_BUNDLE_IDENTIFIER = com.greenorange.status;
				PRODUCT_NAME = "$(TARGET_NAME)";
				SWIFT_EMIT_LOC_STRINGS = YES;
				SWIFT_VERSION = 5.0;
				TARGETED_DEVICE_FAMILY = "1,2";
			};
			name = Release;
		};
		45361F992D155DBB000D88B4 /* Debug */ = {
			isa = XCBuildConfiguration;
			baseConfigurationReference = 5C7A1646FFB9A7DF282427C1 /* Pods-statusTests.debug.xcconfig */;
			buildSettings = {
				BUNDLE_LOADER = "$(TEST_HOST)";
				CODE_SIGN_STYLE = Automatic;
				CURRENT_PROJECT_VERSION = 1;
				DEVELOPMENT_TEAM = 4KXQ2N54DS;
				GENERATE_INFOPLIST_FILE = YES;
				IPHONEOS_DEPLOYMENT_TARGET = 18.2;
				MARKETING_VERSION = 1.0;
				PRODUCT_BUNDLE_IDENTIFIER = com.greenorange.statusTests;
				PRODUCT_NAME = "$(TARGET_NAME)";
				SWIFT_EMIT_LOC_STRINGS = NO;
				SWIFT_VERSION = 5.0;
				TARGETED_DEVICE_FAMILY = "1,2";
				TEST_HOST = "$(BUILT_PRODUCTS_DIR)/status.app/$(BUNDLE_EXECUTABLE_FOLDER_PATH)/status";
			};
			name = Debug;
		};
		45361F9A2D155DBB000D88B4 /* Release */ = {
			isa = XCBuildConfiguration;
			baseConfigurationReference = A6D5989E30919CA7ABB9E093 /* Pods-statusTests.release.xcconfig */;
			buildSettings = {
				BUNDLE_LOADER = "$(TEST_HOST)";
				CODE_SIGN_STYLE = Automatic;
				CURRENT_PROJECT_VERSION = 1;
				DEVELOPMENT_TEAM = 4KXQ2N54DS;
				GENERATE_INFOPLIST_FILE = YES;
				IPHONEOS_DEPLOYMENT_TARGET = 18.2;
				MARKETING_VERSION = 1.0;
				PRODUCT_BUNDLE_IDENTIFIER = com.greenorange.statusTests;
				PRODUCT_NAME = "$(TARGET_NAME)";
				SWIFT_EMIT_LOC_STRINGS = NO;
				SWIFT_VERSION = 5.0;
				TARGETED_DEVICE_FAMILY = "1,2";
				TEST_HOST = "$(BUILT_PRODUCTS_DIR)/status.app/$(BUNDLE_EXECUTABLE_FOLDER_PATH)/status";
			};
			name = Release;
		};
		45361F9C2D155DBB000D88B4 /* Debug */ = {
			isa = XCBuildConfiguration;
			baseConfigurationReference = E1250B301BBE52781DE6725A /* Pods-status-statusUITests.debug.xcconfig */;
			buildSettings = {
				CODE_SIGN_STYLE = Automatic;
				CURRENT_PROJECT_VERSION = 1;
				DEVELOPMENT_TEAM = 4KXQ2N54DS;
				GENERATE_INFOPLIST_FILE = YES;
				MARKETING_VERSION = 1.0;
				PRODUCT_BUNDLE_IDENTIFIER = com.greenorange.statusUITests;
				PRODUCT_NAME = "$(TARGET_NAME)";
				SWIFT_EMIT_LOC_STRINGS = NO;
				SWIFT_VERSION = 5.0;
				TARGETED_DEVICE_FAMILY = "1,2";
				TEST_TARGET_NAME = status;
			};
			name = Debug;
		};
		45361F9D2D155DBB000D88B4 /* Release */ = {
			isa = XCBuildConfiguration;
			baseConfigurationReference = EAE126714BE091C7F6655E2A /* Pods-status-statusUITests.release.xcconfig */;
			buildSettings = {
				CODE_SIGN_STYLE = Automatic;
				CURRENT_PROJECT_VERSION = 1;
				DEVELOPMENT_TEAM = 4KXQ2N54DS;
				GENERATE_INFOPLIST_FILE = YES;
				MARKETING_VERSION = 1.0;
				PRODUCT_BUNDLE_IDENTIFIER = com.greenorange.statusUITests;
				PRODUCT_NAME = "$(TARGET_NAME)";
				SWIFT_EMIT_LOC_STRINGS = NO;
				SWIFT_VERSION = 5.0;
				TARGETED_DEVICE_FAMILY = "1,2";
				TEST_TARGET_NAME = status;
			};
			name = Release;
		};
/* End XCBuildConfiguration section */

/* Begin XCConfigurationList section */
		45361F6C2D155DBA000D88B4 /* Build configuration list for PBXProject "status" */ = {
			isa = XCConfigurationList;
			buildConfigurations = (
				45361F932D155DBB000D88B4 /* Debug */,
				45361F942D155DBB000D88B4 /* Release */,
			);
			defaultConfigurationIsVisible = 0;
			defaultConfigurationName = Release;
		};
		45361F952D155DBB000D88B4 /* Build configuration list for PBXNativeTarget "status" */ = {
			isa = XCConfigurationList;
			buildConfigurations = (
				45361F962D155DBB000D88B4 /* Debug */,
				45361F972D155DBB000D88B4 /* Release */,
			);
			defaultConfigurationIsVisible = 0;
			defaultConfigurationName = Release;
		};
		45361F982D155DBB000D88B4 /* Build configuration list for PBXNativeTarget "statusTests" */ = {
			isa = XCConfigurationList;
			buildConfigurations = (
				45361F992D155DBB000D88B4 /* Debug */,
				45361F9A2D155DBB000D88B4 /* Release */,
			);
			defaultConfigurationIsVisible = 0;
			defaultConfigurationName = Release;
		};
		45361F9B2D155DBB000D88B4 /* Build configuration list for PBXNativeTarget "statusUITests" */ = {
			isa = XCConfigurationList;
			buildConfigurations = (
				45361F9C2D155DBB000D88B4 /* Debug */,
				45361F9D2D155DBB000D88B4 /* Release */,
			);
			defaultConfigurationIsVisible = 0;
			defaultConfigurationName = Release;
		};
/* End XCConfigurationList section */
	};
	rootObject = 45361F692D155DBA000D88B4 /* Project object */;
}
